
Microsoft Visual Studio Solution File, Format Version 12.00
# Visual Studio Version 17
VisualStudioVersion = 17.6.33723.286
MinimumVisualStudioVersion = 10.0.40219.1
Project("{2150E333-8FDC-42A3-9474-1A3956D46DE8}") = "Elementi di soluzione", "Elementi di soluzione", "{69079640-1D84-4152-812D-316A2B2456E9}"
	ProjectSection(SolutionItems) = preProject
		.dockerignore = .dockerignore
		.editorconfig = .editorconfig
		.gitignore = .gitignore
		docker-compose.override.yml = docker-compose.override.yml
		docker-compose.yml = docker-compose.yml
		README.md = README.md
	EndProjectSection
EndProject
Project("{2150E333-8FDC-42A3-9474-1A3956D46DE8}") = "Gateway", "Gateway", "{B09077C6-3027-45F7-A524-692F3D9D4C4B}"
EndProject
Project("{2150E333-8FDC-42A3-9474-1A3956D46DE8}") = "docker", "docker", "{63903775-F36B-418B-B622-38A4F751B937}"
EndProject
Project("{2150E333-8FDC-42A3-9474-1A3956D46DE8}") = "rabbitmq", "rabbitmq", "{D440D71D-0F61-4557-B149-4430BBD87965}"
	ProjectSection(SolutionItems) = preProject
		docker\rabbitmq\Dockerfile = docker\rabbitmq\Dockerfile
	EndProjectSection
EndProject
Project("{2150E333-8FDC-42A3-9474-1A3956D46DE8}") = "sqlserver", "sqlserver", "{36224717-E06E-4F5F-9B71-5F28EAE3979B}"
	ProjectSection(SolutionItems) = preProject
		docker\sqlserver\Dockerfile = docker\sqlserver\Dockerfile
	EndProjectSection
EndProject
Project("{2150E333-8FDC-42A3-9474-1A3956D46DE8}") = "redis", "redis", "{27C83AAF-6D88-4042-B962-45298FA2CCB9}"
	ProjectSection(SolutionItems) = preProject
		docker\redis\Dockerfile = docker\redis\Dockerfile
		docker\redis\redis.conf = docker\redis\redis.conf
	EndProjectSection
EndProject
Project("{2150E333-8FDC-42A3-9474-1A3956D46DE8}") = "seq", "seq", "{CB920B87-AEAA-4F15-83D7-96BB629D385C}"
	ProjectSection(SolutionItems) = preProject
		docker\seq\Dockerfile = docker\seq\Dockerfile
	EndProjectSection
EndProject
Project("{2150E333-8FDC-42A3-9474-1A3956D46DE8}") = "DataProtection", "DataProtection", "{F2B71777-9339-4F40-AEE3-81033D13A85C}"
EndProject
Project("{9A19103F-16F7-4668-BE54-9A1E7A4F7556}") = "GestioneSagre.Web.App", "src\GestioneSagre.Web.App\GestioneSagre.Web.App.csproj", "{D0D9275B-C189-4366-912F-665926C0270D}"
EndProject
Project("{9A19103F-16F7-4668-BE54-9A1E7A4F7556}") = "GestioneSagre.Gateway", "src\Gateway\GestioneSagre.Gateway\GestioneSagre.Gateway.csproj", "{93C98CCD-B049-4ADD-BF4A-80CBF3F28C51}"
EndProject
Project("{9A19103F-16F7-4668-BE54-9A1E7A4F7556}") = "GestioneSagre.Gateway.BusinessLayer", "src\Gateway\GestioneSagre.Gateway.BusinessLayer\GestioneSagre.Gateway.BusinessLayer.csproj", "{ED737F6F-78A7-43FF-AC4A-9AF1D2339C9A}"
EndProject
Project("{9A19103F-16F7-4668-BE54-9A1E7A4F7556}") = "GestioneSagre.DataProtection", "src\DataProtection\GestioneSagre.DataProtection\GestioneSagre.DataProtection.csproj", "{BE78A80B-450C-49E4-A9D3-08013108F330}"
EndProject
Project("{9A19103F-16F7-4668-BE54-9A1E7A4F7556}") = "GestioneSagre.DataProtection.BusinessLayer", "src\DataProtection\GestioneSagre.DataProtection.BusinessLayer\GestioneSagre.DataProtection.BusinessLayer.csproj", "{7AADDDD4-0960-4CA0-B0FA-05A2B41454B2}"
EndProject
Project("{9A19103F-16F7-4668-BE54-9A1E7A4F7556}") = "GestioneSagre.DataProtection.DataAccessLayer", "src\DataProtection\GestioneSagre.DataProtection.DataAccessLayer\GestioneSagre.DataProtection.DataAccessLayer.csproj", "{F97084F2-5545-43E4-927C-D0CEA9BA3C14}"
EndProject
Project("{9A19103F-16F7-4668-BE54-9A1E7A4F7556}") = "GestioneSagre.DataProtection.IntegrationTest", "src\DataProtection\GestioneSagre.DataProtection.IntegrationTest\GestioneSagre.DataProtection.IntegrationTest.csproj", "{582178F9-EFA0-4AE2-9917-F6D4B8313206}"
EndProject
Project("{9A19103F-16F7-4668-BE54-9A1E7A4F7556}") = "GestioneSagre.DataProtection.Shared", "src\DataProtection\GestioneSagre.DataProtection.Shared\GestioneSagre.DataProtection.Shared.csproj", "{647ED06F-558D-44CB-BB4D-FFBA47B61493}"
EndProject
Global
	GlobalSection(SolutionConfigurationPlatforms) = preSolution
		Debug|Any CPU = Debug|Any CPU
		Release|Any CPU = Release|Any CPU
	EndGlobalSection
	GlobalSection(ProjectConfigurationPlatforms) = postSolution
		{D0D9275B-C189-4366-912F-665926C0270D}.Debug|Any CPU.ActiveCfg = Debug|Any CPU
		{D0D9275B-C189-4366-912F-665926C0270D}.Debug|Any CPU.Build.0 = Debug|Any CPU
		{D0D9275B-C189-4366-912F-665926C0270D}.Release|Any CPU.ActiveCfg = Release|Any CPU
		{D0D9275B-C189-4366-912F-665926C0270D}.Release|Any CPU.Build.0 = Release|Any CPU
		{93C98CCD-B049-4ADD-BF4A-80CBF3F28C51}.Debug|Any CPU.ActiveCfg = Debug|Any CPU
		{93C98CCD-B049-4ADD-BF4A-80CBF3F28C51}.Debug|Any CPU.Build.0 = Debug|Any CPU
		{93C98CCD-B049-4ADD-BF4A-80CBF3F28C51}.Release|Any CPU.ActiveCfg = Release|Any CPU
		{93C98CCD-B049-4ADD-BF4A-80CBF3F28C51}.Release|Any CPU.Build.0 = Release|Any CPU
		{ED737F6F-78A7-43FF-AC4A-9AF1D2339C9A}.Debug|Any CPU.ActiveCfg = Debug|Any CPU
		{ED737F6F-78A7-43FF-AC4A-9AF1D2339C9A}.Debug|Any CPU.Build.0 = Debug|Any CPU
		{ED737F6F-78A7-43FF-AC4A-9AF1D2339C9A}.Release|Any CPU.ActiveCfg = Release|Any CPU
		{ED737F6F-78A7-43FF-AC4A-9AF1D2339C9A}.Release|Any CPU.Build.0 = Release|Any CPU
		{BE78A80B-450C-49E4-A9D3-08013108F330}.Debug|Any CPU.ActiveCfg = Debug|Any CPU
		{BE78A80B-450C-49E4-A9D3-08013108F330}.Debug|Any CPU.Build.0 = Debug|Any CPU
		{BE78A80B-450C-49E4-A9D3-08013108F330}.Release|Any CPU.ActiveCfg = Release|Any CPU
		{BE78A80B-450C-49E4-A9D3-08013108F330}.Release|Any CPU.Build.0 = Release|Any CPU
		{7AADDDD4-0960-4CA0-B0FA-05A2B41454B2}.Debug|Any CPU.ActiveCfg = Debug|Any CPU
		{7AADDDD4-0960-4CA0-B0FA-05A2B41454B2}.Debug|Any CPU.Build.0 = Debug|Any CPU
		{7AADDDD4-0960-4CA0-B0FA-05A2B41454B2}.Release|Any CPU.ActiveCfg = Release|Any CPU
		{7AADDDD4-0960-4CA0-B0FA-05A2B41454B2}.Release|Any CPU.Build.0 = Release|Any CPU
		{F97084F2-5545-43E4-927C-D0CEA9BA3C14}.Debug|Any CPU.ActiveCfg = Debug|Any CPU
		{F97084F2-5545-43E4-927C-D0CEA9BA3C14}.Debug|Any CPU.Build.0 = Debug|Any CPU
		{F97084F2-5545-43E4-927C-D0CEA9BA3C14}.Release|Any CPU.ActiveCfg = Release|Any CPU
		{F97084F2-5545-43E4-927C-D0CEA9BA3C14}.Release|Any CPU.Build.0 = Release|Any CPU
		{582178F9-EFA0-4AE2-9917-F6D4B8313206}.Debug|Any CPU.ActiveCfg = Debug|Any CPU
		{582178F9-EFA0-4AE2-9917-F6D4B8313206}.Debug|Any CPU.Build.0 = Debug|Any CPU
		{582178F9-EFA0-4AE2-9917-F6D4B8313206}.Release|Any CPU.ActiveCfg = Release|Any CPU
		{582178F9-EFA0-4AE2-9917-F6D4B8313206}.Release|Any CPU.Build.0 = Release|Any CPU
		{647ED06F-558D-44CB-BB4D-FFBA47B61493}.Debug|Any CPU.ActiveCfg = Debug|Any CPU
		{647ED06F-558D-44CB-BB4D-FFBA47B61493}.Debug|Any CPU.Build.0 = Debug|Any CPU
		{647ED06F-558D-44CB-BB4D-FFBA47B61493}.Release|Any CPU.ActiveCfg = Release|Any CPU
		{647ED06F-558D-44CB-BB4D-FFBA47B61493}.Release|Any CPU.Build.0 = Release|Any CPU
	EndGlobalSection
	GlobalSection(SolutionProperties) = preSolution
		HideSolutionNode = FALSE
	EndGlobalSection
	GlobalSection(NestedProjects) = preSolution
		{63903775-F36B-418B-B622-38A4F751B937} = {69079640-1D84-4152-812D-316A2B2456E9}
		{D440D71D-0F61-4557-B149-4430BBD87965} = {63903775-F36B-418B-B622-38A4F751B937}
		{36224717-E06E-4F5F-9B71-5F28EAE3979B} = {63903775-F36B-418B-B622-38A4F751B937}
		{27C83AAF-6D88-4042-B962-45298FA2CCB9} = {63903775-F36B-418B-B622-38A4F751B937}
		{CB920B87-AEAA-4F15-83D7-96BB629D385C} = {63903775-F36B-418B-B622-38A4F751B937}
		{93C98CCD-B049-4ADD-BF4A-80CBF3F28C51} = {B09077C6-3027-45F7-A524-692F3D9D4C4B}
		{ED737F6F-78A7-43FF-AC4A-9AF1D2339C9A} = {B09077C6-3027-45F7-A524-692F3D9D4C4B}
		{BE78A80B-450C-49E4-A9D3-08013108F330} = {F2B71777-9339-4F40-AEE3-81033D13A85C}
		{7AADDDD4-0960-4CA0-B0FA-05A2B41454B2} = {F2B71777-9339-4F40-AEE3-81033D13A85C}
		{F97084F2-5545-43E4-927C-D0CEA9BA3C14} = {F2B71777-9339-4F40-AEE3-81033D13A85C}
		{582178F9-EFA0-4AE2-9917-F6D4B8313206} = {F2B71777-9339-4F40-AEE3-81033D13A85C}
		{647ED06F-558D-44CB-BB4D-FFBA47B61493} = {F2B71777-9339-4F40-AEE3-81033D13A85C}
	EndGlobalSection
	GlobalSection(ExtensibilityGlobals) = postSolution
		SolutionGuid = {3175CA6A-397B-47C0-90D2-4B126182BDB8}
	EndGlobalSection
EndGlobal
